// !$*UTF8*$!
{
	archiveVersion = 1;
	classes = {
	};
	objectVersion = 46;
	objects = {

/* Begin PBXBuildFile section */
		B223EB6818444C610089F52F /* PatternViewCell.m in Sources */ = {isa = PBXBuildFile; fileRef = B223EB6718444C610089F52F /* PatternViewCell.m */; };
		B250290718537385009C77C0 /* pattern1.jpg in Resources */ = {isa = PBXBuildFile; fileRef = B250290618537385009C77C0 /* pattern1.jpg */; };
		B250290D1853739E009C77C0 /* pattern2.jpg in Resources */ = {isa = PBXBuildFile; fileRef = B25029081853739E009C77C0 /* pattern2.jpg */; };
		B250290E1853739E009C77C0 /* pattern3.jpg in Resources */ = {isa = PBXBuildFile; fileRef = B25029091853739E009C77C0 /* pattern3.jpg */; };
		B250290F1853739E009C77C0 /* pattern4.jpg in Resources */ = {isa = PBXBuildFile; fileRef = B250290A1853739E009C77C0 /* pattern4.jpg */; };
		B25029101853739E009C77C0 /* pattern5.jpg in Resources */ = {isa = PBXBuildFile; fileRef = B250290B1853739E009C77C0 /* pattern5.jpg */; };
		B25029111853739E009C77C0 /* pattern6.jpg in Resources */ = {isa = PBXBuildFile; fileRef = B250290C1853739E009C77C0 /* pattern6.jpg */; };
		B250291318538752009C77C0 /* logo_m-hotel_250x250.jpg in Resources */ = {isa = PBXBuildFile; fileRef = B250291218538752009C77C0 /* logo_m-hotel_250x250.jpg */; };
		B2F2DA9C18424AAC00DB843D /* Foundation.framework in Frameworks */ = {isa = PBXBuildFile; fileRef = B2F2DA9B18424AAC00DB843D /* Foundation.framework */; };
		B2F2DA9E18424AAC00DB843D /* CoreGraphics.framework in Frameworks */ = {isa = PBXBuildFile; fileRef = B2F2DA9D18424AAC00DB843D /* CoreGraphics.framework */; };
		B2F2DAA018424AAC00DB843D /* UIKit.framework in Frameworks */ = {isa = PBXBuildFile; fileRef = B2F2DA9F18424AAC00DB843D /* UIKit.framework */; };
		B2F2DAA618424AAC00DB843D /* InfoPlist.strings in Resources */ = {isa = PBXBuildFile; fileRef = B2F2DAA418424AAC00DB843D /* InfoPlist.strings */; };
		B2F2DAA818424AAC00DB843D /* main.m in Sources */ = {isa = PBXBuildFile; fileRef = B2F2DAA718424AAC00DB843D /* main.m */; };
		B2F2DAAC18424AAC00DB843D /* AppDelegate.m in Sources */ = {isa = PBXBuildFile; fileRef = B2F2DAAB18424AAC00DB843D /* AppDelegate.m */; };
		B2F2DAAF18424AAC00DB843D /* Main.storyboard in Resources */ = {isa = PBXBuildFile; fileRef = B2F2DAAD18424AAC00DB843D /* Main.storyboard */; };
		B2F2DAB218424AAC00DB843D /* ViewController.m in Sources */ = {isa = PBXBuildFile; fileRef = B2F2DAB118424AAC00DB843D /* ViewController.m */; };
		B2F2DAB418424AAC00DB843D /* Images.xcassets in Resources */ = {isa = PBXBuildFile; fileRef = B2F2DAB318424AAC00DB843D /* Images.xcassets */; };
		B2F2DABB18424AAC00DB843D /* XCTest.framework in Frameworks */ = {isa = PBXBuildFile; fileRef = B2F2DABA18424AAC00DB843D /* XCTest.framework */; };
		B2F2DABC18424AAC00DB843D /* Foundation.framework in Frameworks */ = {isa = PBXBuildFile; fileRef = B2F2DA9B18424AAC00DB843D /* Foundation.framework */; };
		B2F2DABD18424AAD00DB843D /* UIKit.framework in Frameworks */ = {isa = PBXBuildFile; fileRef = B2F2DA9F18424AAC00DB843D /* UIKit.framework */; };
		B2F2DAC518424AAD00DB843D /* InfoPlist.strings in Resources */ = {isa = PBXBuildFile; fileRef = B2F2DAC318424AAD00DB843D /* InfoPlist.strings */; };
		B2F2DAC718424AAD00DB843D /* UICollectionViewDemoTests.m in Sources */ = {isa = PBXBuildFile; fileRef = B2F2DAC618424AAD00DB843D /* UICollectionViewDemoTests.m */; };
/* End PBXBuildFile section */

/* Begin PBXContainerItemProxy section */
		B2F2DABE18424AAD00DB843D /* PBXContainerItemProxy */ = {
			isa = PBXContainerItemProxy;
			containerPortal = B2F2DA9018424AAC00DB843D /* Project object */;
			proxyType = 1;
			remoteGlobalIDString = B2F2DA9718424AAC00DB843D;
			remoteInfo = UICollectionViewDemo;
		};
/* End PBXContainerItemProxy section */

/* Begin PBXFileReference section */
		B223EB6618444C610089F52F /* PatternViewCell.h */ = {isa = PBXFileReference; fileEncoding = 4; lastKnownFileType = sourcecode.c.h; path = PatternViewCell.h; sourceTree = "<group>"; };
		B223EB6718444C610089F52F /* PatternViewCell.m */ = {isa = PBXFileReference; fileEncoding = 4; lastKnownFileType = sourcecode.c.objc; path = PatternViewCell.m; sourceTree = "<group>"; };
		B250290618537385009C77C0 /* pattern1.jpg */ = {isa = PBXFileReference; lastKnownFileType = image.jpeg; path = pattern1.jpg; sourceTree = "<group>"; };
		B25029081853739E009C77C0 /* pattern2.jpg */ = {isa = PBXFileReference; lastKnownFileType = image.jpeg; path = pattern2.jpg; sourceTree = "<group>"; };
		B25029091853739E009C77C0 /* pattern3.jpg */ = {isa = PBXFileReference; lastKnownFileType = image.jpeg; path = pattern3.jpg; sourceTree = "<group>"; };
		B250290A1853739E009C77C0 /* pattern4.jpg */ = {isa = PBXFileReference; lastKnownFileType = image.jpeg; path = pattern4.jpg; sourceTree = "<group>"; };
		B250290B1853739E009C77C0 /* pattern5.jpg */ = {isa = PBXFileReference; lastKnownFileType = image.jpeg; path = pattern5.jpg; sourceTree = "<group>"; };
		B250290C1853739E009C77C0 /* pattern6.jpg */ = {isa = PBXFileReference; lastKnownFileType = image.jpeg; path = pattern6.jpg; sourceTree = "<group>"; };
		B250291218538752009C77C0 /* logo_m-hotel_250x250.jpg */ = {isa = PBXFileReference; lastKnownFileType = image.jpeg; path = "logo_m-hotel_250x250.jpg"; sourceTree = "<group>"; };
		B2F2DA9818424AAC00DB843D /* MHotelMirabel2.app */ = {isa = PBXFileReference; explicitFileType = wrapper.application; includeInIndex = 0; path = MHotelMirabel2.app; sourceTree = BUILT_PRODUCTS_DIR; };
		B2F2DA9B18424AAC00DB843D /* Foundation.framework */ = {isa = PBXFileReference; lastKnownFileType = wrapper.framework; name = Foundation.framework; path = System/Library/Frameworks/Foundation.framework; sourceTree = SDKROOT; };
		B2F2DA9D18424AAC00DB843D /* CoreGraphics.framework */ = {isa = PBXFileReference; lastKnownFileType = wrapper.framework; name = CoreGraphics.framework; path = System/Library/Frameworks/CoreGraphics.framework; sourceTree = SDKROOT; };
		B2F2DA9F18424AAC00DB843D /* UIKit.framework */ = {isa = PBXFileReference; lastKnownFileType = wrapper.framework; name = UIKit.framework; path = System/Library/Frameworks/UIKit.framework; sourceTree = SDKROOT; };
		B2F2DAA318424AAC00DB843D /* MHotelMirabel2-Info.plist */ = {isa = PBXFileReference; lastKnownFileType = text.plist.xml; path = "MHotelMirabel2-Info.plist"; sourceTree = "<group>"; };
		B2F2DAA518424AAC00DB843D /* en */ = {isa = PBXFileReference; lastKnownFileType = text.plist.strings; name = en; path = en.lproj/InfoPlist.strings; sourceTree = "<group>"; };
		B2F2DAA718424AAC00DB843D /* main.m */ = {isa = PBXFileReference; lastKnownFileType = sourcecode.c.objc; path = main.m; sourceTree = "<group>"; };
		B2F2DAA918424AAC00DB843D /* MHotelMirabel2-Prefix.pch */ = {isa = PBXFileReference; lastKnownFileType = sourcecode.c.h; path = "MHotelMirabel2-Prefix.pch"; sourceTree = "<group>"; };
		B2F2DAAA18424AAC00DB843D /* AppDelegate.h */ = {isa = PBXFileReference; lastKnownFileType = sourcecode.c.h; path = AppDelegate.h; sourceTree = "<group>"; };
		B2F2DAAB18424AAC00DB843D /* AppDelegate.m */ = {isa = PBXFileReference; lastKnownFileType = sourcecode.c.objc; path = AppDelegate.m; sourceTree = "<group>"; };
		B2F2DAAE18424AAC00DB843D /* Base */ = {isa = PBXFileReference; lastKnownFileType = file.storyboard; name = Base; path = Base.lproj/Main.storyboard; sourceTree = "<group>"; };
		B2F2DAB018424AAC00DB843D /* ViewController.h */ = {isa = PBXFileReference; lastKnownFileType = sourcecode.c.h; path = ViewController.h; sourceTree = "<group>"; };
		B2F2DAB118424AAC00DB843D /* ViewController.m */ = {isa = PBXFileReference; lastKnownFileType = sourcecode.c.objc; path = ViewController.m; sourceTree = "<group>"; };
		B2F2DAB318424AAC00DB843D /* Images.xcassets */ = {isa = PBXFileReference; lastKnownFileType = folder.assetcatalog; path = Images.xcassets; sourceTree = "<group>"; };
		B2F2DAB918424AAC00DB843D /* MHotelMirabel2Tests.xctest */ = {isa = PBXFileReference; explicitFileType = wrapper.cfbundle; includeInIndex = 0; path = MHotelMirabel2Tests.xctest; sourceTree = BUILT_PRODUCTS_DIR; };
		B2F2DABA18424AAC00DB843D /* XCTest.framework */ = {isa = PBXFileReference; lastKnownFileType = wrapper.framework; name = XCTest.framework; path = Library/Frameworks/XCTest.framework; sourceTree = DEVELOPER_DIR; };
		B2F2DAC218424AAD00DB843D /* MHotelMirabel2Tests-Info.plist */ = {isa = PBXFileReference; lastKnownFileType = text.plist.xml; path = "MHotelMirabel2Tests-Info.plist"; sourceTree = "<group>"; };
		B2F2DAC418424AAD00DB843D /* en */ = {isa = PBXFileReference; lastKnownFileType = text.plist.strings; name = en; path = en.lproj/InfoPlist.strings; sourceTree = "<group>"; };
		B2F2DAC618424AAD00DB843D /* UICollectionViewDemoTests.m */ = {isa = PBXFileReference; lastKnownFileType = sourcecode.c.objc; path = UICollectionViewDemoTests.m; sourceTree = "<group>"; };
/* End PBXFileReference section */

/* Begin PBXFrameworksBuildPhase section */
		B2F2DA9518424AAC00DB843D /* Frameworks */ = {
			isa = PBXFrameworksBuildPhase;
			buildActionMask = 2147483647;
			files = (
				B2F2DA9E18424AAC00DB843D /* CoreGraphics.framework in Frameworks */,
				B2F2DAA018424AAC00DB843D /* UIKit.framework in Frameworks */,
				B2F2DA9C18424AAC00DB843D /* Foundation.framework in Frameworks */,
			);
			runOnlyForDeploymentPostprocessing = 0;
		};
		B2F2DAB618424AAC00DB843D /* Frameworks */ = {
			isa = PBXFrameworksBuildPhase;
			buildActionMask = 2147483647;
			files = (
				B2F2DABB18424AAC00DB843D /* XCTest.framework in Frameworks */,
				B2F2DABD18424AAD00DB843D /* UIKit.framework in Frameworks */,
				B2F2DABC18424AAC00DB843D /* Foundation.framework in Frameworks */,
			);
			runOnlyForDeploymentPostprocessing = 0;
		};
/* End PBXFrameworksBuildPhase section */

/* Begin PBXGroup section */
		B2F2DA8F18424AAC00DB843D = {
			isa = PBXGroup;
			children = (
				B2F2DAA118424AAC00DB843D /* MHotelMirabel2 */,
				B2F2DAC018424AAD00DB843D /* MHotelMirabelTests */,
				B2F2DA9A18424AAC00DB843D /* Frameworks */,
				B2F2DA9918424AAC00DB843D /* Products */,
			);
			sourceTree = "<group>";
		};
		B2F2DA9918424AAC00DB843D /* Products */ = {
			isa = PBXGroup;
			children = (
				B2F2DA9818424AAC00DB843D /* MHotelMirabel2.app */,
				B2F2DAB918424AAC00DB843D /* MHotelMirabel2Tests.xctest */,
			);
			name = Products;
			sourceTree = "<group>";
		};
		B2F2DA9A18424AAC00DB843D /* Frameworks */ = {
			isa = PBXGroup;
			children = (
				B2F2DA9B18424AAC00DB843D /* Foundation.framework */,
				B2F2DA9D18424AAC00DB843D /* CoreGraphics.framework */,
				B2F2DA9F18424AAC00DB843D /* UIKit.framework */,
				B2F2DABA18424AAC00DB843D /* XCTest.framework */,
			);
			name = Frameworks;
			sourceTree = "<group>";
		};
		B2F2DAA118424AAC00DB843D /* MHotelMirabel2 */ = {
			isa = PBXGroup;
			children = (
				B250291218538752009C77C0 /* logo_m-hotel_250x250.jpg */,
				B2F2DAD018424E0C00DB843D /* Images */,
				B2F2DAAA18424AAC00DB843D /* AppDelegate.h */,
				B2F2DAAB18424AAC00DB843D /* AppDelegate.m */,
				B2F2DAAD18424AAC00DB843D /* Main.storyboard */,
				B223EB6618444C610089F52F /* PatternViewCell.h */,
				B223EB6718444C610089F52F /* PatternViewCell.m */,
				B2F2DAB018424AAC00DB843D /* ViewController.h */,
				B2F2DAB118424AAC00DB843D /* ViewController.m */,
				B2F2DAB318424AAC00DB843D /* Images.xcassets */,
				B2F2DAA218424AAC00DB843D /* Supporting Files */,
			);
			name = MHotelMirabel2;
			path = UICollectionViewDemo;
			sourceTree = "<group>";
		};
		B2F2DAA218424AAC00DB843D /* Supporting Files */ = {
			isa = PBXGroup;
			children = (
				B2F2DAA318424AAC00DB843D /* MHotelMirabel2-Info.plist */,
				B2F2DAA418424AAC00DB843D /* InfoPlist.strings */,
				B2F2DAA718424AAC00DB843D /* main.m */,
				B2F2DAA918424AAC00DB843D /* MHotelMirabel2-Prefix.pch */,
			);
			name = "Supporting Files";
			sourceTree = "<group>";
		};
		B2F2DAC018424AAD00DB843D /* MHotelMirabelTests */ = {
			isa = PBXGroup;
			children = (
				B2F2DAC618424AAD00DB843D /* UICollectionViewDemoTests.m */,
				B2F2DAC118424AAD00DB843D /* Supporting Files */,
			);
			name = MHotelMirabelTests;
			path = UICollectionViewDemoTests;
			sourceTree = "<group>";
		};
		B2F2DAC118424AAD00DB843D /* Supporting Files */ = {
			isa = PBXGroup;
			children = (
				B2F2DAC218424AAD00DB843D /* MHotelMirabel2Tests-Info.plist */,
				B2F2DAC318424AAD00DB843D /* InfoPlist.strings */,
			);
			name = "Supporting Files";
			sourceTree = "<group>";
		};
		B2F2DAD018424E0C00DB843D /* Images */ = {
			isa = PBXGroup;
			children = (
				B250290618537385009C77C0 /* pattern1.jpg */,
				B25029081853739E009C77C0 /* pattern2.jpg */,
				B25029091853739E009C77C0 /* pattern3.jpg */,
				B250290A1853739E009C77C0 /* pattern4.jpg */,
				B250290B1853739E009C77C0 /* pattern5.jpg */,
				B250290C1853739E009C77C0 /* pattern6.jpg */,
			);
			name = Images;
			sourceTree = "<group>";
		};
/* End PBXGroup section */

/* Begin PBXNativeTarget section */
		B2F2DA9718424AAC00DB843D /* MHotelMirabel2 */ = {
			isa = PBXNativeTarget;
			buildConfigurationList = B2F2DACA18424AAD00DB843D /* Build configuration list for PBXNativeTarget "MHotelMirabel2" */;
			buildPhases = (
				B2F2DA9418424AAC00DB843D /* Sources */,
				B2F2DA9518424AAC00DB843D /* Frameworks */,
				B2F2DA9618424AAC00DB843D /* Resources */,
			);
			buildRules = (
			);
			dependencies = (
			);
			name = MHotelMirabel2;
			productName = UICollectionViewDemo;
			productReference = B2F2DA9818424AAC00DB843D /* MHotelMirabel2.app */;
			productType = "com.apple.product-type.application";
		};
		B2F2DAB818424AAC00DB843D /* MHotelMirabel2Tests */ = {
			isa = PBXNativeTarget;
			buildConfigurationList = B2F2DACD18424AAD00DB843D /* Build configuration list for PBXNativeTarget "MHotelMirabel2Tests" */;
			buildPhases = (
				B2F2DAB518424AAC00DB843D /* Sources */,
				B2F2DAB618424AAC00DB843D /* Frameworks */,
				B2F2DAB718424AAC00DB843D /* Resources */,
			);
			buildRules = (
			);
			dependencies = (
				B2F2DABF18424AAD00DB843D /* PBXTargetDependency */,
			);
			name = MHotelMirabel2Tests;
			productName = UICollectionViewDemoTests;
			productReference = B2F2DAB918424AAC00DB843D /* MHotelMirabel2Tests.xctest */;
			productType = "com.apple.product-type.bundle.unit-test";
		};
/* End PBXNativeTarget section */

/* Begin PBXProject section */
		B2F2DA9018424AAC00DB843D /* Project object */ = {
			isa = PBXProject;
			attributes = {
				LastUpgradeCheck = 0500;
				ORGANIZATIONNAME = "Alain Malenfant";
				TargetAttributes = {
					B2F2DAB818424AAC00DB843D = {
						TestTargetID = B2F2DA9718424AAC00DB843D;
					};
				};
			};
			buildConfigurationList = B2F2DA9318424AAC00DB843D /* Build configuration list for PBXProject "MHotelMirabel2" */;
			compatibilityVersion = "Xcode 3.2";
			developmentRegion = English;
			hasScannedForEncodings = 0;
			knownRegions = (
				en,
				Base,
			);
			mainGroup = B2F2DA8F18424AAC00DB843D;
			productRefGroup = B2F2DA9918424AAC00DB843D /* Products */;
			projectDirPath = "";
			projectRoot = "";
			targets = (
				B2F2DA9718424AAC00DB843D /* MHotelMirabel2 */,
				B2F2DAB818424AAC00DB843D /* MHotelMirabel2Tests */,
			);
		};
/* End PBXProject section */

/* Begin PBXResourcesBuildPhase section */
		B2F2DA9618424AAC00DB843D /* Resources */ = {
			isa = PBXResourcesBuildPhase;
			buildActionMask = 2147483647;
			files = (
				B25029111853739E009C77C0 /* pattern6.jpg in Resources */,
				B250290E1853739E009C77C0 /* pattern3.jpg in Resources */,
				B2F2DAB418424AAC00DB843D /* Images.xcassets in Resources */,
				B25029101853739E009C77C0 /* pattern5.jpg in Resources */,
				B2F2DAA618424AAC00DB843D /* InfoPlist.strings in Resources */,
				B250290718537385009C77C0 /* pattern1.jpg in Resources */,
				B250291318538752009C77C0 /* logo_m-hotel_250x250.jpg in Resources */,
				B250290D1853739E009C77C0 /* pattern2.jpg in Resources */,
				B2F2DAAF18424AAC00DB843D /* Main.storyboard in Resources */,
				B250290F1853739E009C77C0 /* pattern4.jpg in Resources */,
			);
			runOnlyForDeploymentPostprocessing = 0;
		};
		B2F2DAB718424AAC00DB843D /* Resources */ = {
			isa = PBXResourcesBuildPhase;
			buildActionMask = 2147483647;
			files = (
				B2F2DAC518424AAD00DB843D /* InfoPlist.strings in Resources */,
			);
			runOnlyForDeploymentPostprocessing = 0;
		};
/* End PBXResourcesBuildPhase section */

/* Begin PBXSourcesBuildPhase section */
		B2F2DA9418424AAC00DB843D /* Sources */ = {
			isa = PBXSourcesBuildPhase;
			buildActionMask = 2147483647;
			files = (
				B2F2DAB218424AAC00DB843D /* ViewController.m in Sources */,
				B223EB6818444C610089F52F /* PatternViewCell.m in Sources */,
				B2F2DAAC18424AAC00DB843D /* AppDelegate.m in Sources */,
				B2F2DAA818424AAC00DB843D /* main.m in Sources */,
			);
			runOnlyForDeploymentPostprocessing = 0;
		};
		B2F2DAB518424AAC00DB843D /* Sources */ = {
			isa = PBXSourcesBuildPhase;
			buildActionMask = 2147483647;
			files = (
				B2F2DAC718424AAD00DB843D /* UICollectionViewDemoTests.m in Sources */,
			);
			runOnlyForDeploymentPostprocessing = 0;
		};
/* End PBXSourcesBuildPhase section */

/* Begin PBXTargetDependency section */
		B2F2DABF18424AAD00DB843D /* PBXTargetDependency */ = {
			isa = PBXTargetDependency;
			target = B2F2DA9718424AAC00DB843D /* MHotelMirabel2 */;
			targetProxy = B2F2DABE18424AAD00DB843D /* PBXContainerItemProxy */;
		};
/* End PBXTargetDependency section */

/* Begin PBXVariantGroup section */
		B2F2DAA418424AAC00DB843D /* InfoPlist.strings */ = {
			isa = PBXVariantGroup;
			children = (
				B2F2DAA518424AAC00DB843D /* en */,
			);
			name = InfoPlist.strings;
			sourceTree = "<group>";
		};
		B2F2DAAD18424AAC00DB843D /* Main.storyboard */ = {
			isa = PBXVariantGroup;
			children = (
				B2F2DAAE18424AAC00DB843D /* Base */,
			);
			name = Main.storyboard;
			sourceTree = "<group>";
		};
		B2F2DAC318424AAD00DB843D /* InfoPlist.strings */ = {
			isa = PBXVariantGroup;
			children = (
				B2F2DAC418424AAD00DB843D /* en */,
			);
			name = InfoPlist.strings;
			sourceTree = "<group>";
		};
/* End PBXVariantGroup section */

/* Begin XCBuildConfiguration section */
		B2F2DAC818424AAD00DB843D /* Debug */ = {
			isa = XCBuildConfiguration;
			buildSettings = {
				ALWAYS_SEARCH_USER_PATHS = NO;
				ARCHS = "$(ARCHS_STANDARD_INCLUDING_64_BIT)";
				CLANG_CXX_LANGUAGE_STANDARD = "gnu++0x";
				CLANG_CXX_LIBRARY = "libc++";
				CLANG_ENABLE_MODULES = YES;
				CLANG_ENABLE_OBJC_ARC = YES;
				CLANG_WARN_BOOL_CONVERSION = YES;
				CLANG_WARN_CONSTANT_CONVERSION = YES;
				CLANG_WARN_DIRECT_OBJC_ISA_USAGE = YES_ERROR;
				CLANG_WARN_EMPTY_BODY = YES;
				CLANG_WARN_ENUM_CONVERSION = YES;
				CLANG_WARN_INT_CONVERSION = YES;
				CLANG_WARN_OBJC_ROOT_CLASS = YES_ERROR;
				CLANG_WARN__DUPLICATE_METHOD_MATCH = YES;
				"CODE_SIGN_IDENTITY[sdk=iphoneos*]" = "iPhone Developer";
				COPY_PHASE_STRIP = NO;
				GCC_C_LANGUAGE_STANDARD = gnu99;
				GCC_DYNAMIC_NO_PIC = NO;
				GCC_OPTIMIZATION_LEVEL = 0;
				GCC_PREPROCESSOR_DEFINITIONS = (
					"DEBUG=1",
					"$(inherited)",
				);
				GCC_SYMBOLS_PRIVATE_EXTERN = NO;
				GCC_WARN_64_TO_32_BIT_CONVERSION = YES;
				GCC_WARN_ABOUT_RETURN_TYPE = YES_ERROR;
				GCC_WARN_UNDECLARED_SELECTOR = YES;
				GCC_WARN_UNINITIALIZED_AUTOS = YES;
				GCC_WARN_UNUSED_FUNCTION = YES;
				GCC_WARN_UNUSED_VARIABLE = YES;
				IPHONEOS_DEPLOYMENT_TARGET = 7.0;
				ONLY_ACTIVE_ARCH = YES;
				SDKROOT = iphoneos;
			};
			name = Debug;
		};
		B2F2DAC918424AAD00DB843D /* Release */ = {
			isa = XCBuildConfiguration;
			buildSettings = {
				ALWAYS_SEARCH_USER_PATHS = NO;
				ARCHS = "$(ARCHS_STANDARD_INCLUDING_64_BIT)";
				CLANG_CXX_LANGUAGE_STANDARD = "gnu++0x";
				CLANG_CXX_LIBRARY = "libc++";
				CLANG_ENABLE_MODULES = YES;
				CLANG_ENABLE_OBJC_ARC = YES;
				CLANG_WARN_BOOL_CONVERSION = YES;
				CLANG_WARN_CONSTANT_CONVERSION = YES;
				CLANG_WARN_DIRECT_OBJC_ISA_USAGE = YES_ERROR;
				CLANG_WARN_EMPTY_BODY = YES;
				CLANG_WARN_ENUM_CONVERSION = YES;
				CLANG_WARN_INT_CONVERSION = YES;
				CLANG_WARN_OBJC_ROOT_CLASS = YES_ERROR;
				CLANG_WARN__DUPLICATE_METHOD_MATCH = YES;
				"CODE_SIGN_IDENTITY[sdk=iphoneos*]" = "iPhone Developer";
				COPY_PHASE_STRIP = YES;
				ENABLE_NS_ASSERTIONS = NO;
				GCC_C_LANGUAGE_STANDARD = gnu99;
				GCC_WARN_64_TO_32_BIT_CONVERSION = YES;
				GCC_WARN_ABOUT_RETURN_TYPE = YES_ERROR;
				GCC_WARN_UNDECLARED_SELECTOR = YES;
				GCC_WARN_UNINITIALIZED_AUTOS = YES;
				GCC_WARN_UNUSED_FUNCTION = YES;
				GCC_WARN_UNUSED_VARIABLE = YES;
				IPHONEOS_DEPLOYMENT_TARGET = 7.0;
				SDKROOT = iphoneos;
				VALIDATE_PRODUCT = YES;
			};
			name = Release;
		};
		B2F2DACB18424AAD00DB843D /* Debug */ = {
			isa = XCBuildConfiguration;
			buildSettings = {
				ASSETCATALOG_COMPILER_APPICON_NAME = AppIcon;
				ASSETCATALOG_COMPILER_LAUNCHIMAGE_NAME = LaunchImage;
				GCC_PRECOMPILE_PREFIX_HEADER = YES;
				GCC_PREFIX_HEADER = "UICollectionViewDemo/MHotelMirabel2-Prefix.pch";
				INFOPLIST_FILE = "UICollectionViewDemo/MHotelMirabel2-Info.plist";
				PRODUCT_NAME = MHotelMirabel2;
				WRAPPER_EXTENSION = app;
			};
			name = Debug;
		};
		B2F2DACC18424AAD00DB843D /* Release */ = {
			isa = XCBuildConfiguration;
			buildSettings = {
				ASSETCATALOG_COMPILER_APPICON_NAME = AppIcon;
				ASSETCATALOG_COMPILER_LAUNCHIMAGE_NAME = LaunchImage;
				GCC_PRECOMPILE_PREFIX_HEADER = YES;
				GCC_PREFIX_HEADER = "UICollectionViewDemo/MHotelMirabel2-Prefix.pch";
				INFOPLIST_FILE = "UICollectionViewDemo/MHotelMirabel2-Info.plist";
				PRODUCT_NAME = MHotelMirabel2;
				WRAPPER_EXTENSION = app;
			};
			name = Release;
		};
		B2F2DACE18424AAD00DB843D /* Debug */ = {
			isa = XCBuildConfiguration;
			buildSettings = {
				ARCHS = "$(ARCHS_STANDARD_INCLUDING_64_BIT)";
				BUNDLE_LOADER = "$(BUILT_PRODUCTS_DIR)/UICollectionViewDemo.app/UICollectionViewDemo";
				FRAMEWORK_SEARCH_PATHS = (
					"$(SDKROOT)/Developer/Library/Frameworks",
					"$(inherited)",
					"$(DEVELOPER_FRAMEWORKS_DIR)",
				);
				GCC_PRECOMPILE_PREFIX_HEADER = YES;
				GCC_PREFIX_HEADER = "UICollectionViewDemo/UICollectionViewDemo-Prefix.pch";
				GCC_PREPROCESSOR_DEFINITIONS = (
					"DEBUG=1",
					"$(inherited)",
				);
				INFOPLIST_FILE = "UICollectionViewDemoTests/MHotelMirabel2Tests-Info.plist";
				PRODUCT_NAME = MHotelMirabel2Tests;
				TEST_HOST = "$(BUNDLE_LOADER)";
				WRAPPER_EXTENSION = xctest;
			};
			name = Debug;
		};
		B2F2DACF18424AAD00DB843D /* Release */ = {
			isa = XCBuildConfiguration;
			buildSettings = {
				ARCHS = "$(ARCHS_STANDARD_INCLUDING_64_BIT)";
				BUNDLE_LOADER = "$(BUILT_PRODUCTS_DIR)/UICollectionViewDemo.app/UICollectionViewDemo";
				FRAMEWORK_SEARCH_PATHS = (
					"$(SDKROOT)/Developer/Library/Frameworks",
					"$(inherited)",
					"$(DEVELOPER_FRAMEWORKS_DIR)",
				);
				GCC_PRECOMPILE_PREFIX_HEADER = YES;
				GCC_PREFIX_HEADER = "UICollectionViewDemo/UICollectionViewDemo-Prefix.pch";
				INFOPLIST_FILE = "UICollectionViewDemoTests/MHotelMirabel2Tests-Info.plist";
				PRODUCT_NAME = MHotelMirabel2Tests;
				TEST_HOST = "$(BUNDLE_LOADER)";
				WRAPPER_EXTENSION = xctest;
			};
			name = Release;
		};
/* End XCBuildConfiguration section */

/* Begin XCConfigurationList section */
		B2F2DA9318424AAC00DB843D /* Build configuration list for PBXProject "MHotelMirabel2" */ = {
			isa = XCConfigurationList;
			buildConfigurations = (
				B2F2DAC818424AAD00DB843D /* Debug */,
				B2F2DAC918424AAD00DB843D /* Release */,
			);
			defaultConfigurationIsVisible = 0;
			defaultConfigurationName = Release;
		};
		B2F2DACA18424AAD00DB843D /* Build configuration list for PBXNativeTarget "MHotelMirabel2" */ = {
			isa = XCConfigurationList;
			buildConfigurations = (
				B2F2DACB18424AAD00DB843D /* Debug */,
				B2F2DACC18424AAD00DB843D /* Release */,
			);
			defaultConfigurationIsVisible = 0;
			defaultConfigurationName = Release;
		};
		B2F2DACD18424AAD00DB843D /* Build configuration list for PBXNativeTarget "MHotelMirabel2Tests" */ = {
			isa = XCConfigurationList;
			buildConfigurations = (
				B2F2DACE18424AAD00DB843D /* Debug */,
				B2F2DACF18424AAD00DB843D /* Release */,
			);
			defaultConfigurationIsVisible = 0;
			defaultConfigurationName = Release;
		};
/* End XCConfigurationList section */
	};
	rootObject = B2F2DA9018424AAC00DB843D /* Project object */;
}
